
Microsoft Visual Studio Solution File, Format Version 12.00
# Visual Studio Version 17
VisualStudioVersion = 17.9.34622.214
MinimumVisualStudioVersion = 10.0.40219.1
Project("{FAE04EC0-301F-11D3-BF4B-00C04F79EFBC}") = "ConsoleApp1", "ConsoleApp1\ConsoleApp1.csproj", "{DD6C3923-C124-4EEC-AEC1-17F01F5A36FB}"
EndProject
Project("{2150E333-8FDC-42A3-9474-1A3956D46DE8}") = "Solution Items", "Solution Items", "{BBA56C97-0E81-4BA7-97B7-94604D4CB9A3}"
	ProjectSection(SolutionItems) = preProject
		.gitignore = .gitignore
	EndProjectSection
EndProject
Global
	GlobalSection(SolutionConfigurationPlatforms) = preSolution
		Debug|Any CPU = Debug|Any CPU
		Release|Any CPU = Release|Any CPU
	EndGlobalSection
	GlobalSection(ProjectConfigurationPlatforms) = postSolution
		{DD6C3923-C124-4EEC-AEC1-17F01F5A36FB}.Debug|Any CPU.ActiveCfg = Debug|Any CPU
		{DD6C3923-C124-4EEC-AEC1-17F01F5A36FB}.Debug|Any CPU.Build.0 = Debug|Any CPU
		{DD6C3923-C124-4EEC-AEC1-17F01F5A36FB}.Release|Any CPU.ActiveCfg = Release|Any CPU
		{DD6C3923-C124-4EEC-AEC1-17F01F5A36FB}.Release|Any CPU.Build.0 = Release|Any CPU
	EndGlobalSection
	GlobalSection(SolutionProperties) = preSolution
		HideSolutionNode = FALSE
	EndGlobalSection
	GlobalSection(ExtensibilityGlobals) = postSolution
		SolutionGuid = {F8E969EA-DB41-4909-9AE5-B4D5E0E6C1A4}
	EndGlobalSection
EndGlobal
